
Microsoft Visual Studio Solution File, Format Version 12.00
# Visual Studio Version 17
VisualStudioVersion = 17.13.35617.110 d17.13
MinimumVisualStudioVersion = 10.0.40219.1
Project("{FAE04EC0-301F-11D3-BF4B-00C04F79EFBC}") = "BestRoute", "BestRoute.csproj", "{9A42F066-D955-494D-B5FE-3F9EF1B5AAA5}"
EndProject
Project("{2150E333-8FDC-42A3-9474-1A3956D46DE8}") = "src", "src", "{02EA681E-C7D8-13C7-8484-4AC65E1B71E8}"
EndProject
Project("{2150E333-8FDC-42A3-9474-1A3956D46DE8}") = "Entrypoint", "Entrypoint", "{02EA681E-C7D8-13C7-8484-4AC65E1B71E8}"
EndProject
Project("{2150E333-8FDC-42A3-9474-1A3956D46DE8}") = "Entities", "Entities", "{02EA681E-C7D8-13C7-8484-4AC65E1B71E8}"
EndProject
Project("{2150E333-8FDC-42A3-9474-1A3956D46DE8}") = "Data", "Data", "{02EA681E-C7D8-13C7-8484-4AC65E1B71E8}"
EndProject
Project("{2150E333-8FDC-42A3-9474-1A3956D46DE8}") = "Application", "Application", "{02EA681E-C7D8-13C7-8484-4AC65E1B71E8}"
EndProject
Project("{FAE04EC0-301F-11D3-BF4B-00C04F79EFBC}") = "BestRoute.Services", "..\BestRoute.Services\BestRoute.Services.csproj", "{D5ED7E79-9536-48B2-A32C-32987A99E3F2}"
EndProject
Project("{FAE04EC0-301F-11D3-BF4B-00C04F79EFBC}") = "BestRoute.Models", "..\BestRoute.Models\BestRoute.Models.csproj", "{B19C0A73-537B-44C7-8BFC-9D2ACC4F98FB}"
EndProject
Project("{FAE04EC0-301F-11D3-BF4B-00C04F79EFBC}") = "BestRoute.Database", "..\BestRoute.Database\BestRoute.Database.csproj", "{E65C9355-E4CB-4E46-B96F-DB89FB881FC2}"
EndProject
Project("{2150E333-8FDC-42A3-9474-1A3956D46DE8}") = "test", "test", "{02EA681E-C7D8-13C7-8484-4AC65E1B71E8}"
EndProject
Project("{FAE04EC0-301F-11D3-BF4B-00C04F79EFBC}") = "BestRoute.UnitTests", "..\BestRoute.UnitTests\BestRoute.UnitTests.csproj", "{0A7617E1-C638-41B1-B2A9-3027490465BE}"
EndProject
Global
	GlobalSection(SolutionConfigurationPlatforms) = preSolution
		Debug|Any CPU = Debug|Any CPU
		Release|Any CPU = Release|Any CPU
	EndGlobalSection
	GlobalSection(ProjectConfigurationPlatforms) = postSolution
		{9A42F066-D955-494D-B5FE-3F9EF1B5AAA5}.Debug|Any CPU.ActiveCfg = Debug|Any CPU
		{9A42F066-D955-494D-B5FE-3F9EF1B5AAA5}.Debug|Any CPU.Build.0 = Debug|Any CPU
		{9A42F066-D955-494D-B5FE-3F9EF1B5AAA5}.Release|Any CPU.ActiveCfg = Release|Any CPU
		{9A42F066-D955-494D-B5FE-3F9EF1B5AAA5}.Release|Any CPU.Build.0 = Release|Any CPU
		{D5ED7E79-9536-48B2-A32C-32987A99E3F2}.Debug|Any CPU.ActiveCfg = Debug|Any CPU
		{D5ED7E79-9536-48B2-A32C-32987A99E3F2}.Debug|Any CPU.Build.0 = Debug|Any CPU
		{D5ED7E79-9536-48B2-A32C-32987A99E3F2}.Release|Any CPU.ActiveCfg = Release|Any CPU
		{D5ED7E79-9536-48B2-A32C-32987A99E3F2}.Release|Any CPU.Build.0 = Release|Any CPU
		{B19C0A73-537B-44C7-8BFC-9D2ACC4F98FB}.Debug|Any CPU.ActiveCfg = Debug|Any CPU
		{B19C0A73-537B-44C7-8BFC-9D2ACC4F98FB}.Debug|Any CPU.Build.0 = Debug|Any CPU
		{B19C0A73-537B-44C7-8BFC-9D2ACC4F98FB}.Release|Any CPU.ActiveCfg = Release|Any CPU
		{B19C0A73-537B-44C7-8BFC-9D2ACC4F98FB}.Release|Any CPU.Build.0 = Release|Any CPU
		{E65C9355-E4CB-4E46-B96F-DB89FB881FC2}.Debug|Any CPU.ActiveCfg = Debug|Any CPU
		{E65C9355-E4CB-4E46-B96F-DB89FB881FC2}.Debug|Any CPU.Build.0 = Debug|Any CPU
		{E65C9355-E4CB-4E46-B96F-DB89FB881FC2}.Release|Any CPU.ActiveCfg = Release|Any CPU
		{E65C9355-E4CB-4E46-B96F-DB89FB881FC2}.Release|Any CPU.Build.0 = Release|Any CPU
		{0A7617E1-C638-41B1-B2A9-3027490465BE}.Debug|Any CPU.ActiveCfg = Debug|Any CPU
		{0A7617E1-C638-41B1-B2A9-3027490465BE}.Debug|Any CPU.Build.0 = Debug|Any CPU
		{0A7617E1-C638-41B1-B2A9-3027490465BE}.Release|Any CPU.ActiveCfg = Release|Any CPU
		{0A7617E1-C638-41B1-B2A9-3027490465BE}.Release|Any CPU.Build.0 = Release|Any CPU
	EndGlobalSection
	GlobalSection(SolutionProperties) = preSolution
		HideSolutionNode = FALSE
	EndGlobalSection
	GlobalSection(NestedProjects) = preSolution
		{9A42F066-D955-494D-B5FE-3F9EF1B5AAA5} = {02EA681E-C7D8-13C7-8484-4AC65E1B71E8}
		{02EA681E-C7D8-13C7-8484-4AC65E1B71E8} = {02EA681E-C7D8-13C7-8484-4AC65E1B71E8}
		{D5ED7E79-9536-48B2-A32C-32987A99E3F2} = {02EA681E-C7D8-13C7-8484-4AC65E1B71E8}
		{B19C0A73-537B-44C7-8BFC-9D2ACC4F98FB} = {02EA681E-C7D8-13C7-8484-4AC65E1B71E8}
		{E65C9355-E4CB-4E46-B96F-DB89FB881FC2} = {02EA681E-C7D8-13C7-8484-4AC65E1B71E8}
		{0A7617E1-C638-41B1-B2A9-3027490465BE} = {02EA681E-C7D8-13C7-8484-4AC65E1B71E8}
	EndGlobalSection
	GlobalSection(ExtensibilityGlobals) = postSolution
		SolutionGuid = {BB1CEBC6-E427-49D9-825A-79F8B09A619C}
	EndGlobalSection
EndGlobal
