
Microsoft Visual Studio Solution File, Format Version 12.00
# Visual Studio Version 17
VisualStudioVersion = 17.13.35617.110
MinimumVisualStudioVersion = 10.0.40219.1
Project("{2150E333-8FDC-42A3-9474-1A3956D46DE8}") = "src", "src", "{02EA681E-C7D8-13C7-8484-4AC65E1B71E8}"
EndProject
Project("{2150E333-8FDC-42A3-9474-1A3956D46DE8}") = "test", "test", "{E03F744C-3D1A-4299-9995-D98EC4969382}"
EndProject
Project("{2150E333-8FDC-42A3-9474-1A3956D46DE8}") = "Entities", "Entities", "{DA0BA338-A712-49B8-94D3-84DC4371DAC8}"
EndProject
Project("{2150E333-8FDC-42A3-9474-1A3956D46DE8}") = "Data", "Data", "{3C77231F-7BD9-4722-8649-F9347455D30F}"
EndProject
Project("{2150E333-8FDC-42A3-9474-1A3956D46DE8}") = "Entrypoint", "Entrypoint", "{B36731B0-6F2A-47E9-B8FC-1DF0B68AB1DB}"
EndProject
Project("{2150E333-8FDC-42A3-9474-1A3956D46DE8}") = "Application", "Application", "{EB8EC0EB-7DCA-4D88-83ED-286864F53C89}"
EndProject
Project("{FAE04EC0-301F-11D3-BF4B-00C04F79EFBC}") = "BestRoute.Services", "BestRoute.Services\BestRoute.Services.csproj", "{7BC960E9-96EA-EC19-56B0-356FB006DBB1}"
EndProject
Project("{FAE04EC0-301F-11D3-BF4B-00C04F79EFBC}") = "BestRoute.Database", "BestRoute.Database\BestRoute.Database.csproj", "{2B833B92-8992-6590-8060-5F0FE0E47AD1}"
EndProject
Project("{FAE04EC0-301F-11D3-BF4B-00C04F79EFBC}") = "BestRoute.Models", "BestRoute.Models\BestRoute.Models.csproj", "{063279CA-DACD-4D9F-5941-FCA50B1A028D}"
EndProject
Project("{FAE04EC0-301F-11D3-BF4B-00C04F79EFBC}") = "BestRoute", "BestRoute.WebApi\BestRoute.csproj", "{FA280BE4-5F17-977E-76F0-C65A9762B371}"
EndProject
Project("{FAE04EC0-301F-11D3-BF4B-00C04F79EFBC}") = "BestRoute.UnitTests", "..\tests\BestRoute.UnitTests\BestRoute.UnitTests.csproj", "{3FCA3B8C-BA09-D512-63DB-875B90B6D5E1}"
EndProject
Global
	GlobalSection(SolutionConfigurationPlatforms) = preSolution
		Debug|Any CPU = Debug|Any CPU
		Release|Any CPU = Release|Any CPU
	EndGlobalSection
	GlobalSection(ProjectConfigurationPlatforms) = postSolution
		{7BC960E9-96EA-EC19-56B0-356FB006DBB1}.Debug|Any CPU.ActiveCfg = Debug|Any CPU
		{7BC960E9-96EA-EC19-56B0-356FB006DBB1}.Debug|Any CPU.Build.0 = Debug|Any CPU
		{7BC960E9-96EA-EC19-56B0-356FB006DBB1}.Release|Any CPU.ActiveCfg = Release|Any CPU
		{7BC960E9-96EA-EC19-56B0-356FB006DBB1}.Release|Any CPU.Build.0 = Release|Any CPU
		{2B833B92-8992-6590-8060-5F0FE0E47AD1}.Debug|Any CPU.ActiveCfg = Debug|Any CPU
		{2B833B92-8992-6590-8060-5F0FE0E47AD1}.Debug|Any CPU.Build.0 = Debug|Any CPU
		{2B833B92-8992-6590-8060-5F0FE0E47AD1}.Release|Any CPU.ActiveCfg = Release|Any CPU
		{2B833B92-8992-6590-8060-5F0FE0E47AD1}.Release|Any CPU.Build.0 = Release|Any CPU
		{063279CA-DACD-4D9F-5941-FCA50B1A028D}.Debug|Any CPU.ActiveCfg = Debug|Any CPU
		{063279CA-DACD-4D9F-5941-FCA50B1A028D}.Debug|Any CPU.Build.0 = Debug|Any CPU
		{063279CA-DACD-4D9F-5941-FCA50B1A028D}.Release|Any CPU.ActiveCfg = Release|Any CPU
		{063279CA-DACD-4D9F-5941-FCA50B1A028D}.Release|Any CPU.Build.0 = Release|Any CPU
		{FA280BE4-5F17-977E-76F0-C65A9762B371}.Debug|Any CPU.ActiveCfg = Debug|Any CPU
		{FA280BE4-5F17-977E-76F0-C65A9762B371}.Debug|Any CPU.Build.0 = Debug|Any CPU
		{FA280BE4-5F17-977E-76F0-C65A9762B371}.Release|Any CPU.ActiveCfg = Release|Any CPU
		{FA280BE4-5F17-977E-76F0-C65A9762B371}.Release|Any CPU.Build.0 = Release|Any CPU
		{3FCA3B8C-BA09-D512-63DB-875B90B6D5E1}.Debug|Any CPU.ActiveCfg = Debug|Any CPU
		{3FCA3B8C-BA09-D512-63DB-875B90B6D5E1}.Debug|Any CPU.Build.0 = Debug|Any CPU
		{3FCA3B8C-BA09-D512-63DB-875B90B6D5E1}.Release|Any CPU.ActiveCfg = Release|Any CPU
		{3FCA3B8C-BA09-D512-63DB-875B90B6D5E1}.Release|Any CPU.Build.0 = Release|Any CPU
	EndGlobalSection
	GlobalSection(SolutionProperties) = preSolution
		HideSolutionNode = FALSE
	EndGlobalSection
	GlobalSection(NestedProjects) = preSolution
		{DA0BA338-A712-49B8-94D3-84DC4371DAC8} = {02EA681E-C7D8-13C7-8484-4AC65E1B71E8}
		{3C77231F-7BD9-4722-8649-F9347455D30F} = {02EA681E-C7D8-13C7-8484-4AC65E1B71E8}
		{B36731B0-6F2A-47E9-B8FC-1DF0B68AB1DB} = {02EA681E-C7D8-13C7-8484-4AC65E1B71E8}
		{EB8EC0EB-7DCA-4D88-83ED-286864F53C89} = {02EA681E-C7D8-13C7-8484-4AC65E1B71E8}
		{7BC960E9-96EA-EC19-56B0-356FB006DBB1} = {EB8EC0EB-7DCA-4D88-83ED-286864F53C89}
		{2B833B92-8992-6590-8060-5F0FE0E47AD1} = {3C77231F-7BD9-4722-8649-F9347455D30F}
		{063279CA-DACD-4D9F-5941-FCA50B1A028D} = {DA0BA338-A712-49B8-94D3-84DC4371DAC8}
		{FA280BE4-5F17-977E-76F0-C65A9762B371} = {B36731B0-6F2A-47E9-B8FC-1DF0B68AB1DB}
		{3FCA3B8C-BA09-D512-63DB-875B90B6D5E1} = {E03F744C-3D1A-4299-9995-D98EC4969382}
	EndGlobalSection
	GlobalSection(ExtensibilityGlobals) = postSolution
		SolutionGuid = {BB1CEBC6-E427-49D9-825A-79F8B09A619C}
	EndGlobalSection
EndGlobal
